Microsoft Visual Studio Solution File, Format Version 12.00
# Visual Studio Version 17
VisualStudioVersion = 17.5.2.0
MinimumVisualStudioVersion = 10.0.40219.1
Project("{FAE04EC0-301F-11D3-BF4B-00C04F79EFBC}") = "Ratmon", "Ratmon.csproj", "{C0A83FCD-07A0-40BE-B17F-47505DA290CC}"
EndProject
Global
	GlobalSection(SolutionConfigurationPlatforms) = preSolution
		Debug|Any CPU = Debug|Any CPU
		Release|Any CPU = Release|Any CPU
	EndGlobalSection
	GlobalSection(ProjectConfigurationPlatforms) = postSolution
		{C0A83FCD-07A0-40BE-B17F-47505DA290CC}.Debug|Any CPU.ActiveCfg = Debug|Any CPU
		{C0A83FCD-07A0-40BE-B17F-47505DA290CC}.Debug|Any CPU.Build.0 = Debug|Any CPU
		{C0A83FCD-07A0-40BE-B17F-47505DA290CC}.Release|Any CPU.ActiveCfg = Release|Any CPU
		{C0A83FCD-07A0-40BE-B17F-47505DA290CC}.Release|Any CPU.Build.0 = Release|Any CPU
	EndGlobalSection
	GlobalSection(SolutionProperties) = preSolution
		HideSolutionNode = FALSE
	EndGlobalSection
	GlobalSection(ExtensibilityGlobals) = postSolution
		SolutionGuid = {5F83CC9A-A4A5-4FCD-A44A-C110BC2EADFA}
	EndGlobalSection
EndGlobal
